// !$*UTF8*$!
{
	archiveVersion = 1;
	classes = {
	};
	objectVersion = 46;
	objects = {

/* Begin PBXBuildFile section */
		95E32FF61EE1A3570057EC51 /* AppDelegate.swift in Sources */ = {isa = PBXBuildFile; fileRef = 95E32FF51EE1A3570057EC51 /* AppDelegate.swift */; };
		95E32FF81EE1A3570057EC51 /* ViewController.swift in Sources */ = {isa = PBXBuildFile; fileRef = 95E32FF71EE1A3570057EC51 /* ViewController.swift */; };
		95E32FFB1EE1A3570057EC51 /* Main.storyboard in Resources */ = {isa = PBXBuildFile; fileRef = 95E32FF91EE1A3570057EC51 /* Main.storyboard */; };
		95E32FFD1EE1A3570057EC51 /* Assets.xcassets in Resources */ = {isa = PBXBuildFile; fileRef = 95E32FFC1EE1A3570057EC51 /* Assets.xcassets */; };
		95E330001EE1A3570057EC51 /* LaunchScreen.storyboard in Resources */ = {isa = PBXBuildFile; fileRef = 95E32FFE1EE1A3570057EC51 /* LaunchScreen.storyboard */; };
		95E330081EE1A84F0057EC51 /* Info.plist in Resources */ = {isa = PBXBuildFile; fileRef = 95E330071EE1A84F0057EC51 /* Info.plist */; };
		95E330131EE1AFFE0057EC51 /* QRCodeReader.swift in Sources */ = {isa = PBXBuildFile; fileRef = 95E330091EE1AFFE0057EC51 /* QRCodeReader.swift */; };
		95E330141EE1AFFE0057EC51 /* QRCodeReaderResult.swift in Sources */ = {isa = PBXBuildFile; fileRef = 95E3300A1EE1AFFE0057EC51 /* QRCodeReaderResult.swift */; };
		95E330151EE1AFFE0057EC51 /* QRCodeReaderView.swift in Sources */ = {isa = PBXBuildFile; fileRef = 95E3300B1EE1AFFE0057EC51 /* QRCodeReaderView.swift */; };
		95E330161EE1AFFE0057EC51 /* QRCodeReaderViewContainer.swift in Sources */ = {isa = PBXBuildFile; fileRef = 95E3300C1EE1AFFE0057EC51 /* QRCodeReaderViewContainer.swift */; };
		95E330171EE1AFFE0057EC51 /* QRCodeReaderViewController.swift in Sources */ = {isa = PBXBuildFile; fileRef = 95E3300D1EE1AFFE0057EC51 /* QRCodeReaderViewController.swift */; };
		95E330181EE1AFFE0057EC51 /* QRCodeReaderViewControllerBuilder.swift in Sources */ = {isa = PBXBuildFile; fileRef = 95E3300E1EE1AFFE0057EC51 /* QRCodeReaderViewControllerBuilder.swift */; };
		95E330191EE1AFFE0057EC51 /* QRCodeReaderViewControllerDelegate.swift in Sources */ = {isa = PBXBuildFile; fileRef = 95E3300F1EE1AFFE0057EC51 /* QRCodeReaderViewControllerDelegate.swift */; };
		95E3301A1EE1AFFE0057EC51 /* ReaderOverlayView.swift in Sources */ = {isa = PBXBuildFile; fileRef = 95E330101EE1AFFE0057EC51 /* ReaderOverlayView.swift */; };
		95E3301B1EE1AFFE0057EC51 /* SwitchCameraButton.swift in Sources */ = {isa = PBXBuildFile; fileRef = 95E330111EE1AFFE0057EC51 /* SwitchCameraButton.swift */; };
		95E3301C1EE1AFFE0057EC51 /* ToggleTorchButton.swift in Sources */ = {isa = PBXBuildFile; fileRef = 95E330121EE1AFFE0057EC51 /* ToggleTorchButton.swift */; };
/* End PBXBuildFile section */

/* Begin PBXFileReference section */
		95E32FF21EE1A3570057EC51 /* QR reader.app */ = {isa = PBXFileReference; explicitFileType = wrapper.application; includeInIndex = 0; path = "QR reader.app"; sourceTree = BUILT_PRODUCTS_DIR; };
		95E32FF51EE1A3570057EC51 /* AppDelegate.swift */ = {isa = PBXFileReference; lastKnownFileType = sourcecode.swift; path = AppDelegate.swift; sourceTree = "<group>"; };
		95E32FF71EE1A3570057EC51 /* ViewController.swift */ = {isa = PBXFileReference; lastKnownFileType = sourcecode.swift; path = ViewController.swift; sourceTree = "<group>"; };
		95E32FFA1EE1A3570057EC51 /* Base */ = {isa = PBXFileReference; lastKnownFileType = file.storyboard; name = Base; path = Base.lproj/Main.storyboard; sourceTree = "<group>"; };
		95E32FFC1EE1A3570057EC51 /* Assets.xcassets */ = {isa = PBXFileReference; lastKnownFileType = folder.assetcatalog; path = Assets.xcassets; sourceTree = "<group>"; };
		95E32FFF1EE1A3570057EC51 /* Base */ = {isa = PBXFileReference; lastKnownFileType = file.storyboard; name = Base; path = Base.lproj/LaunchScreen.storyboard; sourceTree = "<group>"; };
		95E330071EE1A84F0057EC51 /* Info.plist */ = {isa = PBXFileReference; fileEncoding = 4; lastKnownFileType = text.plist.xml; path = Info.plist; sourceTree = "<group>"; };
		95E330091EE1AFFE0057EC51 /* QRCodeReader.swift */ = {isa = PBXFileReference; fileEncoding = 4; lastKnownFileType = sourcecode.swift; path = QRCodeReader.swift; sourceTree = "<group>"; };
		95E3300A1EE1AFFE0057EC51 /* QRCodeReaderResult.swift */ = {isa = PBXFileReference; fileEncoding = 4; lastKnownFileType = sourcecode.swift; path = QRCodeReaderResult.swift; sourceTree = "<group>"; };
		95E3300B1EE1AFFE0057EC51 /* QRCodeReaderView.swift */ = {isa = PBXFileReference; fileEncoding = 4; lastKnownFileType = sourcecode.swift; path = QRCodeReaderView.swift; sourceTree = "<group>"; };
		95E3300C1EE1AFFE0057EC51 /* QRCodeReaderViewContainer.swift */ = {isa = PBXFileReference; fileEncoding = 4; lastKnownFileType = sourcecode.swift; path = QRCodeReaderViewContainer.swift; sourceTree = "<group>"; };
		95E3300D1EE1AFFE0057EC51 /* QRCodeReaderViewController.swift */ = {isa = PBXFileReference; fileEncoding = 4; lastKnownFileType = sourcecode.swift; path = QRCodeReaderViewController.swift; sourceTree = "<group>"; };
		95E3300E1EE1AFFE0057EC51 /* QRCodeReaderViewControllerBuilder.swift */ = {isa = PBXFileReference; fileEncoding = 4; lastKnownFileType = sourcecode.swift; path = QRCodeReaderViewControllerBuilder.swift; sourceTree = "<group>"; };
		95E3300F1EE1AFFE0057EC51 /* QRCodeReaderViewControllerDelegate.swift */ = {isa = PBXFileReference; fileEncoding = 4; lastKnownFileType = sourcecode.swift; path = QRCodeReaderViewControllerDelegate.swift; sourceTree = "<group>"; };
		95E330101EE1AFFE0057EC51 /* ReaderOverlayView.swift */ = {isa = PBXFileReference; fileEncoding = 4; lastKnownFileType = sourcecode.swift; path = ReaderOverlayView.swift; sourceTree = "<group>"; };
		95E330111EE1AFFE0057EC51 /* SwitchCameraButton.swift */ = {isa = PBXFileReference; fileEncoding = 4; lastKnownFileType = sourcecode.swift; path = SwitchCameraButton.swift; sourceTree = "<group>"; };
		95E330121EE1AFFE0057EC51 /* ToggleTorchButton.swift */ = {isa = PBXFileReference; fileEncoding = 4; lastKnownFileType = sourcecode.swift; path = ToggleTorchButton.swift; sourceTree = "<group>"; };
/* End PBXFileReference section */

/* Begin PBXFrameworksBuildPhase section */
		95E32FEF1EE1A3570057EC51 /* Frameworks */ = {
			isa = PBXFrameworksBuildPhase;
			buildActionMask = 2147483647;
			files = (
			);
			runOnlyForDeploymentPostprocessing = 0;
		};
/* End PBXFrameworksBuildPhase section */

/* Begin PBXGroup section */
		95E32FE91EE1A3570057EC51 = {
			isa = PBXGroup;
			children = (
				95E32FF41EE1A3570057EC51 /* QR reader */,
				95E32FF31EE1A3570057EC51 /* Products */,
			);
			sourceTree = "<group>";
		};
		95E32FF31EE1A3570057EC51 /* Products */ = {
			isa = PBXGroup;
			children = (
				95E32FF21EE1A3570057EC51 /* QR reader.app */,
			);
			name = Products;
			sourceTree = "<group>";
		};
		95E32FF41EE1A3570057EC51 /* QR reader */ = {
			isa = PBXGroup;
			children = (
				95E32FF51EE1A3570057EC51 /* AppDelegate.swift */,
				95E32FF71EE1A3570057EC51 /* ViewController.swift */,
				95E32FF91EE1A3570057EC51 /* Main.storyboard */,
				95E32FFC1EE1A3570057EC51 /* Assets.xcassets */,
				95E32FFE1EE1A3570057EC51 /* LaunchScreen.storyboard */,
				95E330071EE1A84F0057EC51 /* Info.plist */,
				95E3301D1EE1B0060057EC51 /* QR Code reader */,
			);
			path = "QR reader";
			sourceTree = "<group>";
		};
		95E3301D1EE1B0060057EC51 /* QR Code reader */ = {
			isa = PBXGroup;
			children = (
				95E330091EE1AFFE0057EC51 /* QRCodeReader.swift */,
				95E3300A1EE1AFFE0057EC51 /* QRCodeReaderResult.swift */,
				95E3300B1EE1AFFE0057EC51 /* QRCodeReaderView.swift */,
				95E3300C1EE1AFFE0057EC51 /* QRCodeReaderViewContainer.swift */,
				95E3300D1EE1AFFE0057EC51 /* QRCodeReaderViewController.swift */,
				95E3300E1EE1AFFE0057EC51 /* QRCodeReaderViewControllerBuilder.swift */,
				95E3300F1EE1AFFE0057EC51 /* QRCodeReaderViewControllerDelegate.swift */,
				95E330101EE1AFFE0057EC51 /* ReaderOverlayView.swift */,
				95E330111EE1AFFE0057EC51 /* SwitchCameraButton.swift */,
				95E330121EE1AFFE0057EC51 /* ToggleTorchButton.swift */,
			);
			name = "QR Code reader";
			sourceTree = "<group>";
		};
/* End PBXGroup section */

/* Begin PBXNativeTarget section */
		95E32FF11EE1A3570057EC51 /* QR reader */ = {
			isa = PBXNativeTarget;
			buildConfigurationList = 95E330041EE1A3570057EC51 /* Build configuration list for PBXNativeTarget "QR reader" */;
			buildPhases = (
				95E32FEE1EE1A3570057EC51 /* Sources */,
				95E32FEF1EE1A3570057EC51 /* Frameworks */,
				95E32FF01EE1A3570057EC51 /* Resources */,
			);
			buildRules = (
			);
			dependencies = (
			);
			name = "QR reader";
			productName = "QR reader";
			productReference = 95E32FF21EE1A3570057EC51 /* QR reader.app */;
			productType = "com.apple.product-type.application";
		};
/* End PBXNativeTarget section */

/* Begin PBXProject section */
		95E32FEA1EE1A3570057EC51 /* Project object */ = {
			isa = PBXProject;
			attributes = {
				LastSwiftUpdateCheck = 0820;
				LastUpgradeCheck = 0820;
				ORGANIZATIONNAME = "Saransh Mittal";
				TargetAttributes = {
					95E32FF11EE1A3570057EC51 = {
						CreatedOnToolsVersion = 8.2.1;
						DevelopmentTeam = JCRFV5ZL52;
						ProvisioningStyle = Automatic;
					};
				};
			};
			buildConfigurationList = 95E32FED1EE1A3570057EC51 /* Build configuration list for PBXProject "QR reader" */;
			compatibilityVersion = "Xcode 3.2";
			developmentRegion = English;
			hasScannedForEncodings = 0;
			knownRegions = (
				en,
				Base,
			);
			mainGroup = 95E32FE91EE1A3570057EC51;
			productRefGroup = 95E32FF31EE1A3570057EC51 /* Products */;
			projectDirPath = "";
			projectRoot = "";
			targets = (
				95E32FF11EE1A3570057EC51 /* QR reader */,
			);
		};
/* End PBXProject section */

/* Begin PBXResourcesBuildPhase section */
		95E32FF01EE1A3570057EC51 /* Resources */ = {
			isa = PBXResourcesBuildPhase;
			buildActionMask = 2147483647;
			files = (
				95E330081EE1A84F0057EC51 /* Info.plist in Resources */,
				95E330001EE1A3570057EC51 /* LaunchScreen.storyboard in Resources */,
				95E32FFD1EE1A3570057EC51 /* Assets.xcassets in Resources */,
				95E32FFB1EE1A3570057EC51 /* Main.storyboard in Resources */,
			);
			runOnlyForDeploymentPostprocessing = 0;
		};
/* End PBXResourcesBuildPhase section */

/* Begin PBXSourcesBuildPhase section */
		95E32FEE1EE1A3570057EC51 /* Sources */ = {
			isa = PBXSourcesBuildPhase;
			buildActionMask = 2147483647;
			files = (
				95E3301C1EE1AFFE0057EC51 /* ToggleTorchButton.swift in Sources */,
				95E3301A1EE1AFFE0057EC51 /* ReaderOverlayView.swift in Sources */,
				95E32FF81EE1A3570057EC51 /* ViewController.swift in Sources */,
				95E330181EE1AFFE0057EC51 /* QRCodeReaderViewControllerBuilder.swift in Sources */,
				95E330131EE1AFFE0057EC51 /* QRCodeReader.swift in Sources */,
				95E32FF61EE1A3570057EC51 /* AppDelegate.swift in Sources */,
				95E330171EE1AFFE0057EC51 /* QRCodeReaderViewController.swift in Sources */,
				95E330141EE1AFFE0057EC51 /* QRCodeReaderResult.swift in Sources */,
				95E330151EE1AFFE0057EC51 /* QRCodeReaderView.swift in Sources */,
				95E330191EE1AFFE0057EC51 /* QRCodeReaderViewControllerDelegate.swift in Sources */,
				95E3301B1EE1AFFE0057EC51 /* SwitchCameraButton.swift in Sources */,
				95E330161EE1AFFE0057EC51 /* QRCodeReaderViewContainer.swift in Sources */,
			);
			runOnlyForDeploymentPostprocessing = 0;
		};
/* End PBXSourcesBuildPhase section */

/* Begin PBXVariantGroup section */
		95E32FF91EE1A3570057EC51 /* Main.storyboard */ = {
			isa = PBXVariantGroup;
			children = (
				95E32FFA1EE1A3570057EC51 /* Base */,
			);
			name = Main.storyboard;
			sourceTree = "<group>";
		};
		95E32FFE1EE1A3570057EC51 /* LaunchScreen.storyboard */ = {
			isa = PBXVariantGroup;
			children = (
				95E32FFF1EE1A3570057EC51 /* Base */,
			);
			name = LaunchScreen.storyboard;
			sourceTree = "<group>";
		};
/* End PBXVariantGroup section */

/* Begin XCBuildConfiguration section */
		95E330021EE1A3570057EC51 /* Debug */ = {
			isa = XCBuildConfiguration;
			buildSettings = {
				ALWAYS_SEARCH_USER_PATHS = NO;
				CLANG_ANALYZER_NONNULL = YES;
				CLANG_CXX_LANGUAGE_STANDARD = "gnu++0x";
				CLANG_CXX_LIBRARY = "libc++";
				CLANG_ENABLE_MODULES = YES;
				CLANG_ENABLE_OBJC_ARC = YES;
				CLANG_WARN_BOOL_CONVERSION = YES;
				CLANG_WARN_CONSTANT_CONVERSION = YES;
				CLANG_WARN_DIRECT_OBJC_ISA_USAGE = YES_ERROR;
				CLANG_WARN_DOCUMENTATION_COMMENTS = YES;
				CLANG_WARN_EMPTY_BODY = YES;
				CLANG_WARN_ENUM_CONVERSION = YES;
				CLANG_WARN_INFINITE_RECURSION = YES;
				CLANG_WARN_INT_CONVERSION = YES;
				CLANG_WARN_OBJC_ROOT_CLASS = YES_ERROR;
				CLANG_WARN_SUSPICIOUS_MOVE = YES;
				CLANG_WARN_UNREACHABLE_CODE = YES;
				CLANG_WARN__DUPLICATE_METHOD_MATCH = YES;
				"CODE_SIGN_IDENTITY[sdk=iphoneos*]" = "iPhone Developer";
				COPY_PHASE_STRIP = NO;
				DEBUG_INFORMATION_FORMAT = dwarf;
				ENABLE_STRICT_OBJC_MSGSEND = YES;
				ENABLE_TESTABILITY = YES;
				GCC_C_LANGUAGE_STANDARD = gnu99;
				GCC_DYNAMIC_NO_PIC = NO;
				GCC_NO_COMMON_BLOCKS = YES;
				GCC_OPTIMIZATION_LEVEL = 0;
				GCC_PREPROCESSOR_DEFINITIONS = (
					"DEBUG=1",
					"$(inherited)",
				);
				GCC_WARN_64_TO_32_BIT_CONVERSION = YES;
				GCC_WARN_ABOUT_RETURN_TYPE = YES_ERROR;
				GCC_WARN_UNDECLARED_SELECTOR = YES;
				GCC_WARN_UNINITIALIZED_AUTOS = YES_AGGRESSIVE;
				GCC_WARN_UNUSED_FUNCTION = YES;
				GCC_WARN_UNUSED_VARIABLE = YES;
				IPHONEOS_DEPLOYMENT_TARGET = 10.2;
				MTL_ENABLE_DEBUG_INFO = YES;
				ONLY_ACTIVE_ARCH = YES;
				SDKROOT = iphoneos;
				SWIFT_ACTIVE_COMPILATION_CONDITIONS = DEBUG;
				SWIFT_OPTIMIZATION_LEVEL = "-Onone";
			};
			name = Debug;
		};
		95E330031EE1A3570057EC51 /* Release */ = {
			isa = XCBuildConfiguration;
			buildSettings = {
				ALWAYS_SEARCH_USER_PATHS = NO;
				CLANG_ANALYZER_NONNULL = YES;
				CLANG_CXX_LANGUAGE_STANDARD = "gnu++0x";
				CLANG_CXX_LIBRARY = "libc++";
				CLANG_ENABLE_MODULES = YES;
				CLANG_ENABLE_OBJC_ARC = YES;
				CLANG_WARN_BOOL_CONVERSION = YES;
				CLANG_WARN_CONSTANT_CONVERSION = YES;
				CLANG_WARN_DIRECT_OBJC_ISA_USAGE = YES_ERROR;
				CLANG_WARN_DOCUMENTATION_COMMENTS = YES;
				CLANG_WARN_EMPTY_BODY = YES;
				CLANG_WARN_ENUM_CONVERSION = YES;
				CLANG_WARN_INFINITE_RECURSION = YES;
				CLANG_WARN_INT_CONVERSION = YES;
				CLANG_WARN_OBJC_ROOT_CLASS = YES_ERROR;
				CLANG_WARN_SUSPICIOUS_MOVE = YES;
				CLANG_WARN_UNREACHABLE_CODE = YES;
				CLANG_WARN__DUPLICATE_METHOD_MATCH = YES;
				"CODE_SIGN_IDENTITY[sdk=iphoneos*]" = "iPhone Developer";
				COPY_PHASE_STRIP = NO;
				DEBUG_INFORMATION_FORMAT = "dwarf-with-dsym";
				ENABLE_NS_ASSERTIONS = NO;
				ENABLE_STRICT_OBJC_MSGSEND = YES;
				GCC_C_LANGUAGE_STANDARD = gnu99;
				GCC_NO_COMMON_BLOCKS = YES;
				GCC_WARN_64_TO_32_BIT_CONVERSION = YES;
				GCC_WARN_ABOUT_RETURN_TYPE = YES_ERROR;
				GCC_WARN_UNDECLARED_SELECTOR = YES;
				GCC_WARN_UNINITIALIZED_AUTOS = YES_AGGRESSIVE;
				GCC_WARN_UNUSED_FUNCTION = YES;
				GCC_WARN_UNUSED_VARIABLE = YES;
				IPHONEOS_DEPLOYMENT_TARGET = 10.2;
				MTL_ENABLE_DEBUG_INFO = NO;
				SDKROOT = iphoneos;
				SWIFT_OPTIMIZATION_LEVEL = "-Owholemodule";
				VALIDATE_PRODUCT = YES;
			};
			name = Release;
		};
		95E330051EE1A3570057EC51 /* Debug */ = {
			isa = XCBuildConfiguration;
			buildSettings = {
				ASSETCATALOG_COMPILER_APPICON_NAME = AppIcon;
				DEVELOPMENT_TEAM = JCRFV5ZL52;
				INFOPLIST_FILE = "QR reader/Info.plist";
				LD_RUNPATH_SEARCH_PATHS = "$(inherited) @executable_path/Frameworks";
				PRODUCT_BUNDLE_IDENTIFIER = "com.skyblue.QR-reader";
				PRODUCT_NAME = "$(TARGET_NAME)";
				SWIFT_VERSION = 3.0;
			};
			name = Debug;
		};
		95E330061EE1A3570057EC51 /* Release */ = {
			isa = XCBuildConfiguration;
			buildSettings = {
				ASSETCATALOG_COMPILER_APPICON_NAME = AppIcon;
				DEVELOPMENT_TEAM = JCRFV5ZL52;
				INFOPLIST_FILE = "QR reader/Info.plist";
				LD_RUNPATH_SEARCH_PATHS = "$(inherited) @executable_path/Frameworks";
				PRODUCT_BUNDLE_IDENTIFIER = "com.skyblue.QR-reader";
				PRODUCT_NAME = "$(TARGET_NAME)";
				SWIFT_VERSION = 3.0;
			};
			name = Release;
		};
/* End XCBuildConfiguration section */

/* Begin XCConfigurationList section */
		95E32FED1EE1A3570057EC51 /* Build configuration list for PBXProject "QR reader" */ = {
			isa = XCConfigurationList;
			buildConfigurations = (
				95E330021EE1A3570057EC51 /* Debug */,
				95E330031EE1A3570057EC51 /* Release */,
			);
			defaultConfigurationIsVisible = 0;
			defaultConfigurationName = Release;
		};
		95E330041EE1A3570057EC51 /* Build configuration list for PBXNativeTarget "QR reader" */ = {
			isa = XCConfigurationList;
			buildConfigurations = (
				95E330051EE1A3570057EC51 /* Debug */,
				95E330061EE1A3570057EC51 /* Release */,
			);
			defaultConfigurationIsVisible = 0;
		};
/* End XCConfigurationList section */
	};
	rootObject = 95E32FEA1EE1A3570057EC51 /* Project object */;
}
